
Microsoft Visual Studio Solution File, Format Version 12.00
# Visual Studio Version 17
VisualStudioVersion = 17.3.32922.545
MinimumVisualStudioVersion = 10.0.40219.1
Project("{9A19103F-16F7-4668-BE54-9A1E7A4F7556}") = "DataAccess", "DataAccess\DataAccess.csproj", "{04D5A0AB-EC40-43F2-9FD8-51D04DF2644D}"
EndProject
Project("{9A19103F-16F7-4668-BE54-9A1E7A4F7556}") = "Business", "Business\Business.csproj", "{BBB11CF7-F3CC-4B20-B6E4-5EFB882143D8}"
EndProject
Project("{9A19103F-16F7-4668-BE54-9A1E7A4F7556}") = "Entities", "Entities\Entities.csproj", "{17306B5A-0F74-4528-BB79-4AC8DC02082C}"
EndProject
Project("{9A19103F-16F7-4668-BE54-9A1E7A4F7556}") = "ConsoleUI", "ConsoleUI\ConsoleUI.csproj", "{C88C059F-B784-4D88-ACE2-90E7C9C2ED22}"
EndProject
Project("{FAE04EC0-301F-11D3-BF4B-00C04F79EFBC}") = "CORE", "CORE\CORE.csproj", "{E298DC5C-3721-4673-A7D5-4960C91D7AE1}"
EndProject
Global
	GlobalSection(SolutionConfigurationPlatforms) = preSolution
		Debug|Any CPU = Debug|Any CPU
		Release|Any CPU = Release|Any CPU
	EndGlobalSection
	GlobalSection(ProjectConfigurationPlatforms) = postSolution
		{04D5A0AB-EC40-43F2-9FD8-51D04DF2644D}.Debug|Any CPU.ActiveCfg = Debug|Any CPU
		{04D5A0AB-EC40-43F2-9FD8-51D04DF2644D}.Debug|Any CPU.Build.0 = Debug|Any CPU
		{04D5A0AB-EC40-43F2-9FD8-51D04DF2644D}.Release|Any CPU.ActiveCfg = Release|Any CPU
		{04D5A0AB-EC40-43F2-9FD8-51D04DF2644D}.Release|Any CPU.Build.0 = Release|Any CPU
		{BBB11CF7-F3CC-4B20-B6E4-5EFB882143D8}.Debug|Any CPU.ActiveCfg = Debug|Any CPU
		{BBB11CF7-F3CC-4B20-B6E4-5EFB882143D8}.Debug|Any CPU.Build.0 = Debug|Any CPU
		{BBB11CF7-F3CC-4B20-B6E4-5EFB882143D8}.Release|Any CPU.ActiveCfg = Release|Any CPU
		{BBB11CF7-F3CC-4B20-B6E4-5EFB882143D8}.Release|Any CPU.Build.0 = Release|Any CPU
		{17306B5A-0F74-4528-BB79-4AC8DC02082C}.Debug|Any CPU.ActiveCfg = Debug|Any CPU
		{17306B5A-0F74-4528-BB79-4AC8DC02082C}.Debug|Any CPU.Build.0 = Debug|Any CPU
		{17306B5A-0F74-4528-BB79-4AC8DC02082C}.Release|Any CPU.ActiveCfg = Release|Any CPU
		{17306B5A-0F74-4528-BB79-4AC8DC02082C}.Release|Any CPU.Build.0 = Release|Any CPU
		{C88C059F-B784-4D88-ACE2-90E7C9C2ED22}.Debug|Any CPU.ActiveCfg = Debug|Any CPU
		{C88C059F-B784-4D88-ACE2-90E7C9C2ED22}.Debug|Any CPU.Build.0 = Debug|Any CPU
		{C88C059F-B784-4D88-ACE2-90E7C9C2ED22}.Release|Any CPU.ActiveCfg = Release|Any CPU
		{C88C059F-B784-4D88-ACE2-90E7C9C2ED22}.Release|Any CPU.Build.0 = Release|Any CPU
		{E298DC5C-3721-4673-A7D5-4960C91D7AE1}.Debug|Any CPU.ActiveCfg = Debug|Any CPU
		{E298DC5C-3721-4673-A7D5-4960C91D7AE1}.Debug|Any CPU.Build.0 = Debug|Any CPU
		{E298DC5C-3721-4673-A7D5-4960C91D7AE1}.Release|Any CPU.ActiveCfg = Release|Any CPU
		{E298DC5C-3721-4673-A7D5-4960C91D7AE1}.Release|Any CPU.Build.0 = Release|Any CPU
	EndGlobalSection
	GlobalSection(SolutionProperties) = preSolution
		HideSolutionNode = FALSE
	EndGlobalSection
	GlobalSection(ExtensibilityGlobals) = postSolution
		SolutionGuid = {3CA54709-7733-4AB9-B375-501B83505568}
	EndGlobalSection
EndGlobal
